// !$*UTF8*$!
{
	archiveVersion = 1;
	classes = {
	};
	objectVersion = 46;
	objects = {

/* Begin PBXBuildFile section */
		EA4E8E7C1A5F7073007B479F /* main.m in Sources */ = {isa = PBXBuildFile; fileRef = EA4E8E7B1A5F7073007B479F /* main.m */; };
		EA4E8E7F1A5F7073007B479F /* AppDelegate.m in Sources */ = {isa = PBXBuildFile; fileRef = EA4E8E7E1A5F7073007B479F /* AppDelegate.m */; };
		EA4E8E821A5F7073007B479F /* ViewController.m in Sources */ = {isa = PBXBuildFile; fileRef = EA4E8E811A5F7073007B479F /* ViewController.m */; };
		EA4E8E851A5F7073007B479F /* Main.storyboard in Resources */ = {isa = PBXBuildFile; fileRef = EA4E8E831A5F7073007B479F /* Main.storyboard */; };
		EA4E8E871A5F7073007B479F /* Images.xcassets in Resources */ = {isa = PBXBuildFile; fileRef = EA4E8E861A5F7073007B479F /* Images.xcassets */; };
		EA4E8E8A1A5F7073007B479F /* LaunchScreen.xib in Resources */ = {isa = PBXBuildFile; fileRef = EA4E8E881A5F7073007B479F /* LaunchScreen.xib */; };
		EA4E8E961A5F7073007B479F /* Constraint_demoTests.m in Sources */ = {isa = PBXBuildFile; fileRef = EA4E8E951A5F7073007B479F /* Constraint_demoTests.m */; };
		EA4E8EA91A5F7095007B479F /* KeyboardViewController.m in Sources */ = {isa = PBXBuildFile; fileRef = EA4E8EA81A5F7095007B479F /* KeyboardViewController.m */; };
		EA4E8EAC1A5F7095007B479F /* Constraint-Keyboard.appex in Embed App Extensions */ = {isa = PBXBuildFile; fileRef = EA4E8EA31A5F7095007B479F /* Constraint-Keyboard.appex */; settings = {ATTRIBUTES = (RemoveHeadersOnCopy, ); }; };
		EA4E8EB31A5F77B0007B479F /* FullKeyboard.m in Sources */ = {isa = PBXBuildFile; fileRef = EA4E8EB21A5F77B0007B479F /* FullKeyboard.m */; };
/* End PBXBuildFile section */

/* Begin PBXContainerItemProxy section */
		EA4E8E901A5F7073007B479F /* PBXContainerItemProxy */ = {
			isa = PBXContainerItemProxy;
			containerPortal = EA4E8E6E1A5F7073007B479F /* Project object */;
			proxyType = 1;
			remoteGlobalIDString = EA4E8E751A5F7073007B479F;
			remoteInfo = "Constraint-demo";
		};
		EA4E8EAA1A5F7095007B479F /* PBXContainerItemProxy */ = {
			isa = PBXContainerItemProxy;
			containerPortal = EA4E8E6E1A5F7073007B479F /* Project object */;
			proxyType = 1;
			remoteGlobalIDString = EA4E8EA21A5F7095007B479F;
			remoteInfo = "Constraint-Keyboard";
		};
/* End PBXContainerItemProxy section */

/* Begin PBXCopyFilesBuildPhase section */
		EA4E8EB01A5F7095007B479F /* Embed App Extensions */ = {
			isa = PBXCopyFilesBuildPhase;
			buildActionMask = 2147483647;
			dstPath = "";
			dstSubfolderSpec = 13;
			files = (
				EA4E8EAC1A5F7095007B479F /* Constraint-Keyboard.appex in Embed App Extensions */,
			);
			name = "Embed App Extensions";
			runOnlyForDeploymentPostprocessing = 0;
		};
/* End PBXCopyFilesBuildPhase section */

/* Begin PBXFileReference section */
		EA4E8E761A5F7073007B479F /* Constraint-demo.app */ = {isa = PBXFileReference; explicitFileType = wrapper.application; includeInIndex = 0; path = "Constraint-demo.app"; sourceTree = BUILT_PRODUCTS_DIR; };
		EA4E8E7A1A5F7073007B479F /* Info.plist */ = {isa = PBXFileReference; lastKnownFileType = text.plist.xml; path = Info.plist; sourceTree = "<group>"; };
		EA4E8E7B1A5F7073007B479F /* main.m */ = {isa = PBXFileReference; lastKnownFileType = sourcecode.c.objc; path = main.m; sourceTree = "<group>"; };
		EA4E8E7D1A5F7073007B479F /* AppDelegate.h */ = {isa = PBXFileReference; lastKnownFileType = sourcecode.c.h; path = AppDelegate.h; sourceTree = "<group>"; };
		EA4E8E7E1A5F7073007B479F /* AppDelegate.m */ = {isa = PBXFileReference; lastKnownFileType = sourcecode.c.objc; path = AppDelegate.m; sourceTree = "<group>"; };
		EA4E8E801A5F7073007B479F /* ViewController.h */ = {isa = PBXFileReference; lastKnownFileType = sourcecode.c.h; path = ViewController.h; sourceTree = "<group>"; };
		EA4E8E811A5F7073007B479F /* ViewController.m */ = {isa = PBXFileReference; lastKnownFileType = sourcecode.c.objc; path = ViewController.m; sourceTree = "<group>"; };
		EA4E8E841A5F7073007B479F /* Base */ = {isa = PBXFileReference; lastKnownFileType = file.storyboard; name = Base; path = Base.lproj/Main.storyboard; sourceTree = "<group>"; };
		EA4E8E861A5F7073007B479F /* Images.xcassets */ = {isa = PBXFileReference; lastKnownFileType = folder.assetcatalog; path = Images.xcassets; sourceTree = "<group>"; };
		EA4E8E891A5F7073007B479F /* Base */ = {isa = PBXFileReference; lastKnownFileType = file.xib; name = Base; path = Base.lproj/LaunchScreen.xib; sourceTree = "<group>"; };
		EA4E8E8F1A5F7073007B479F /* Constraint-demoTests.xctest */ = {isa = PBXFileReference; explicitFileType = wrapper.cfbundle; includeInIndex = 0; path = "Constraint-demoTests.xctest"; sourceTree = BUILT_PRODUCTS_DIR; };
		EA4E8E941A5F7073007B479F /* Info.plist */ = {isa = PBXFileReference; lastKnownFileType = text.plist.xml; path = Info.plist; sourceTree = "<group>"; };
		EA4E8E951A5F7073007B479F /* Constraint_demoTests.m */ = {isa = PBXFileReference; lastKnownFileType = sourcecode.c.objc; path = Constraint_demoTests.m; sourceTree = "<group>"; };
		EA4E8EA31A5F7095007B479F /* Constraint-Keyboard.appex */ = {isa = PBXFileReference; explicitFileType = "wrapper.app-extension"; includeInIndex = 0; path = "Constraint-Keyboard.appex"; sourceTree = BUILT_PRODUCTS_DIR; };
		EA4E8EA61A5F7095007B479F /* Info.plist */ = {isa = PBXFileReference; lastKnownFileType = text.plist.xml; path = Info.plist; sourceTree = "<group>"; };
		EA4E8EA71A5F7095007B479F /* KeyboardViewController.h */ = {isa = PBXFileReference; lastKnownFileType = sourcecode.c.h; path = KeyboardViewController.h; sourceTree = "<group>"; };
		EA4E8EA81A5F7095007B479F /* KeyboardViewController.m */ = {isa = PBXFileReference; lastKnownFileType = sourcecode.c.objc; path = KeyboardViewController.m; sourceTree = "<group>"; };
		EA4E8EB11A5F77B0007B479F /* FullKeyboard.h */ = {isa = PBXFileReference; fileEncoding = 4; lastKnownFileType = sourcecode.c.h; path = FullKeyboard.h; sourceTree = "<group>"; };
		EA4E8EB21A5F77B0007B479F /* FullKeyboard.m */ = {isa = PBXFileReference; fileEncoding = 4; lastKnownFileType = sourcecode.c.objc; path = FullKeyboard.m; sourceTree = "<group>"; };
/* End PBXFileReference section */

/* Begin PBXFrameworksBuildPhase section */
		EA4E8E731A5F7073007B479F /* Frameworks */ = {
			isa = PBXFrameworksBuildPhase;
			buildActionMask = 2147483647;
			files = (
			);
			runOnlyForDeploymentPostprocessing = 0;
		};
		EA4E8E8C1A5F7073007B479F /* Frameworks */ = {
			isa = PBXFrameworksBuildPhase;
			buildActionMask = 2147483647;
			files = (
			);
			runOnlyForDeploymentPostprocessing = 0;
		};
		EA4E8EA01A5F7095007B479F /* Frameworks */ = {
			isa = PBXFrameworksBuildPhase;
			buildActionMask = 2147483647;
			files = (
			);
			runOnlyForDeploymentPostprocessing = 0;
		};
/* End PBXFrameworksBuildPhase section */

/* Begin PBXGroup section */
		EA4E8E6D1A5F7073007B479F = {
			isa = PBXGroup;
			children = (
				EA4E8E781A5F7073007B479F /* Constraint-demo */,
				EA4E8E921A5F7073007B479F /* Constraint-demoTests */,
				EA4E8EA41A5F7095007B479F /* Constraint-Keyboard */,
				EA4E8E771A5F7073007B479F /* Products */,
			);
			sourceTree = "<group>";
		};
		EA4E8E771A5F7073007B479F /* Products */ = {
			isa = PBXGroup;
			children = (
				EA4E8E761A5F7073007B479F /* Constraint-demo.app */,
				EA4E8E8F1A5F7073007B479F /* Constraint-demoTests.xctest */,
				EA4E8EA31A5F7095007B479F /* Constraint-Keyboard.appex */,
			);
			name = Products;
			sourceTree = "<group>";
		};
		EA4E8E781A5F7073007B479F /* Constraint-demo */ = {
			isa = PBXGroup;
			children = (
				EA4E8E7D1A5F7073007B479F /* AppDelegate.h */,
				EA4E8E7E1A5F7073007B479F /* AppDelegate.m */,
				EA4E8E801A5F7073007B479F /* ViewController.h */,
				EA4E8E811A5F7073007B479F /* ViewController.m */,
				EA4E8E831A5F7073007B479F /* Main.storyboard */,
				EA4E8E861A5F7073007B479F /* Images.xcassets */,
				EA4E8E881A5F7073007B479F /* LaunchScreen.xib */,
				EA4E8E791A5F7073007B479F /* Supporting Files */,
			);
			path = "Constraint-demo";
			sourceTree = "<group>";
		};
		EA4E8E791A5F7073007B479F /* Supporting Files */ = {
			isa = PBXGroup;
			children = (
				EA4E8E7A1A5F7073007B479F /* Info.plist */,
				EA4E8E7B1A5F7073007B479F /* main.m */,
			);
			name = "Supporting Files";
			sourceTree = "<group>";
		};
		EA4E8E921A5F7073007B479F /* Constraint-demoTests */ = {
			isa = PBXGroup;
			children = (
				EA4E8E951A5F7073007B479F /* Constraint_demoTests.m */,
				EA4E8E931A5F7073007B479F /* Supporting Files */,
			);
			path = "Constraint-demoTests";
			sourceTree = "<group>";
		};
		EA4E8E931A5F7073007B479F /* Supporting Files */ = {
			isa = PBXGroup;
			children = (
				EA4E8E941A5F7073007B479F /* Info.plist */,
			);
			name = "Supporting Files";
			sourceTree = "<group>";
		};
		EA4E8EA41A5F7095007B479F /* Constraint-Keyboard */ = {
			isa = PBXGroup;
			children = (
				EA4E8EA71A5F7095007B479F /* KeyboardViewController.h */,
				EA4E8EA81A5F7095007B479F /* KeyboardViewController.m */,
				EA4E8EB11A5F77B0007B479F /* FullKeyboard.h */,
				EA4E8EB21A5F77B0007B479F /* FullKeyboard.m */,
				EA4E8EA51A5F7095007B479F /* Supporting Files */,
			);
			path = "Constraint-Keyboard";
			sourceTree = "<group>";
		};
		EA4E8EA51A5F7095007B479F /* Supporting Files */ = {
			isa = PBXGroup;
			children = (
				EA4E8EA61A5F7095007B479F /* Info.plist */,
			);
			name = "Supporting Files";
			sourceTree = "<group>";
		};
/* End PBXGroup section */

/* Begin PBXNativeTarget section */
		EA4E8E751A5F7073007B479F /* Constraint-demo */ = {
			isa = PBXNativeTarget;
			buildConfigurationList = EA4E8E991A5F7073007B479F /* Build configuration list for PBXNativeTarget "Constraint-demo" */;
			buildPhases = (
				EA4E8E721A5F7073007B479F /* Sources */,
				EA4E8E731A5F7073007B479F /* Frameworks */,
				EA4E8E741A5F7073007B479F /* Resources */,
				EA4E8EB01A5F7095007B479F /* Embed App Extensions */,
			);
			buildRules = (
			);
			dependencies = (
				EA4E8EAB1A5F7095007B479F /* PBXTargetDependency */,
			);
			name = "Constraint-demo";
			productName = "Constraint-demo";
			productReference = EA4E8E761A5F7073007B479F /* Constraint-demo.app */;
			productType = "com.apple.product-type.application";
		};
		EA4E8E8E1A5F7073007B479F /* Constraint-demoTests */ = {
			isa = PBXNativeTarget;
			buildConfigurationList = EA4E8E9C1A5F7073007B479F /* Build configuration list for PBXNativeTarget "Constraint-demoTests" */;
			buildPhases = (
				EA4E8E8B1A5F7073007B479F /* Sources */,
				EA4E8E8C1A5F7073007B479F /* Frameworks */,
				EA4E8E8D1A5F7073007B479F /* Resources */,
			);
			buildRules = (
			);
			dependencies = (
				EA4E8E911A5F7073007B479F /* PBXTargetDependency */,
			);
			name = "Constraint-demoTests";
			productName = "Constraint-demoTests";
			productReference = EA4E8E8F1A5F7073007B479F /* Constraint-demoTests.xctest */;
			productType = "com.apple.product-type.bundle.unit-test";
		};
		EA4E8EA21A5F7095007B479F /* Constraint-Keyboard */ = {
			isa = PBXNativeTarget;
			buildConfigurationList = EA4E8EAD1A5F7095007B479F /* Build configuration list for PBXNativeTarget "Constraint-Keyboard" */;
			buildPhases = (
				EA4E8E9F1A5F7095007B479F /* Sources */,
				EA4E8EA01A5F7095007B479F /* Frameworks */,
				EA4E8EA11A5F7095007B479F /* Resources */,
			);
			buildRules = (
			);
			dependencies = (
			);
			name = "Constraint-Keyboard";
			productName = "Constraint-Keyboard";
			productReference = EA4E8EA31A5F7095007B479F /* Constraint-Keyboard.appex */;
			productType = "com.apple.product-type.app-extension";
		};
/* End PBXNativeTarget section */

/* Begin PBXProject section */
		EA4E8E6E1A5F7073007B479F /* Project object */ = {
			isa = PBXProject;
			attributes = {
				LastUpgradeCheck = 0620;
				ORGANIZATIONNAME = luowei;
				TargetAttributes = {
					EA4E8E751A5F7073007B479F = {
						CreatedOnToolsVersion = 6.2;
					};
					EA4E8E8E1A5F7073007B479F = {
						CreatedOnToolsVersion = 6.2;
						TestTargetID = EA4E8E751A5F7073007B479F;
					};
					EA4E8EA21A5F7095007B479F = {
						CreatedOnToolsVersion = 6.2;
					};
				};
			};
			buildConfigurationList = EA4E8E711A5F7073007B479F /* Build configuration list for PBXProject "Constraint-demo" */;
			compatibilityVersion = "Xcode 3.2";
			developmentRegion = English;
			hasScannedForEncodings = 0;
			knownRegions = (
				en,
				Base,
			);
			mainGroup = EA4E8E6D1A5F7073007B479F;
			productRefGroup = EA4E8E771A5F7073007B479F /* Products */;
			projectDirPath = "";
			projectRoot = "";
			targets = (
				EA4E8E751A5F7073007B479F /* Constraint-demo */,
				EA4E8E8E1A5F7073007B479F /* Constraint-demoTests */,
				EA4E8EA21A5F7095007B479F /* Constraint-Keyboard */,
			);
		};
/* End PBXProject section */

/* Begin PBXResourcesBuildPhase section */
		EA4E8E741A5F7073007B479F /* Resources */ = {
			isa = PBXResourcesBuildPhase;
			buildActionMask = 2147483647;
			files = (
				EA4E8E851A5F7073007B479F /* Main.storyboard in Resources */,
				EA4E8E8A1A5F7073007B479F /* LaunchScreen.xib in Resources */,
				EA4E8E871A5F7073007B479F /* Images.xcassets in Resources */,
			);
			runOnlyForDeploymentPostprocessing = 0;
		};
		EA4E8E8D1A5F7073007B479F /* Resources */ = {
			isa = PBXResourcesBuildPhase;
			buildActionMask = 2147483647;
			files = (
			);
			runOnlyForDeploymentPostprocessing = 0;
		};
		EA4E8EA11A5F7095007B479F /* Resources */ = {
			isa = PBXResourcesBuildPhase;
			buildActionMask = 2147483647;
			files = (
			);
			runOnlyForDeploymentPostprocessing = 0;
		};
/* End PBXResourcesBuildPhase section */

/* Begin PBXSourcesBuildPhase section */
		EA4E8E721A5F7073007B479F /* Sources */ = {
			isa = PBXSourcesBuildPhase;
			buildActionMask = 2147483647;
			files = (
				EA4E8E821A5F7073007B479F /* ViewController.m in Sources */,
				EA4E8E7F1A5F7073007B479F /* AppDelegate.m in Sources */,
				EA4E8E7C1A5F7073007B479F /* main.m in Sources */,
			);
			runOnlyForDeploymentPostprocessing = 0;
		};
		EA4E8E8B1A5F7073007B479F /* Sources */ = {
			isa = PBXSourcesBuildPhase;
			buildActionMask = 2147483647;
			files = (
				EA4E8E961A5F7073007B479F /* Constraint_demoTests.m in Sources */,
			);
			runOnlyForDeploymentPostprocessing = 0;
		};
		EA4E8E9F1A5F7095007B479F /* Sources */ = {
			isa = PBXSourcesBuildPhase;
			buildActionMask = 2147483647;
			files = (
				EA4E8EA91A5F7095007B479F /* KeyboardViewController.m in Sources */,
				EA4E8EB31A5F77B0007B479F /* FullKeyboard.m in Sources */,
			);
			runOnlyForDeploymentPostprocessing = 0;
		};
/* End PBXSourcesBuildPhase section */

/* Begin PBXTargetDependency section */
		EA4E8E911A5F7073007B479F /* PBXTargetDependency */ = {
			isa = PBXTargetDependency;
			target = EA4E8E751A5F7073007B479F /* Constraint-demo */;
			targetProxy = EA4E8E901A5F7073007B479F /* PBXContainerItemProxy */;
		};
		EA4E8EAB1A5F7095007B479F /* PBXTargetDependency */ = {
			isa = PBXTargetDependency;
			target = EA4E8EA21A5F7095007B479F /* Constraint-Keyboard */;
			targetProxy = EA4E8EAA1A5F7095007B479F /* PBXContainerItemProxy */;
		};
/* End PBXTargetDependency section */

/* Begin PBXVariantGroup section */
		EA4E8E831A5F7073007B479F /* Main.storyboard */ = {
			isa = PBXVariantGroup;
			children = (
				EA4E8E841A5F7073007B479F /* Base */,
			);
			name = Main.storyboard;
			sourceTree = "<group>";
		};
		EA4E8E881A5F7073007B479F /* LaunchScreen.xib */ = {
			isa = PBXVariantGroup;
			children = (
				EA4E8E891A5F7073007B479F /* Base */,
			);
			name = LaunchScreen.xib;
			sourceTree = "<group>";
		};
/* End PBXVariantGroup section */

/* Begin XCBuildConfiguration section */
		EA4E8E971A5F7073007B479F /* Debug */ = {
			isa = XCBuildConfiguration;
			buildSettings = {
				ALWAYS_SEARCH_USER_PATHS = NO;
				CLANG_CXX_LANGUAGE_STANDARD = "gnu++0x";
				CLANG_CXX_LIBRARY = "libc++";
				CLANG_ENABLE_MODULES = YES;
				CLANG_ENABLE_OBJC_ARC = YES;
				CLANG_WARN_BOOL_CONVERSION = YES;
				CLANG_WARN_CONSTANT_CONVERSION = YES;
				CLANG_WARN_DIRECT_OBJC_ISA_USAGE = YES_ERROR;
				CLANG_WARN_EMPTY_BODY = YES;
				CLANG_WARN_ENUM_CONVERSION = YES;
				CLANG_WARN_INT_CONVERSION = YES;
				CLANG_WARN_OBJC_ROOT_CLASS = YES_ERROR;
				CLANG_WARN_UNREACHABLE_CODE = YES;
				CLANG_WARN__DUPLICATE_METHOD_MATCH = YES;
				"CODE_SIGN_IDENTITY[sdk=iphoneos*]" = "iPhone Developer";
				COPY_PHASE_STRIP = NO;
				ENABLE_STRICT_OBJC_MSGSEND = YES;
				GCC_C_LANGUAGE_STANDARD = gnu99;
				GCC_DYNAMIC_NO_PIC = NO;
				GCC_OPTIMIZATION_LEVEL = 0;
				GCC_PREPROCESSOR_DEFINITIONS = (
					"DEBUG=1",
					"$(inherited)",
				);
				GCC_SYMBOLS_PRIVATE_EXTERN = NO;
				GCC_WARN_64_TO_32_BIT_CONVERSION = YES;
				GCC_WARN_ABOUT_RETURN_TYPE = YES_ERROR;
				GCC_WARN_UNDECLARED_SELECTOR = YES;
				GCC_WARN_UNINITIALIZED_AUTOS = YES_AGGRESSIVE;
				GCC_WARN_UNUSED_FUNCTION = YES;
				GCC_WARN_UNUSED_VARIABLE = YES;
				IPHONEOS_DEPLOYMENT_TARGET = 8.2;
				MTL_ENABLE_DEBUG_INFO = YES;
				ONLY_ACTIVE_ARCH = YES;
				SDKROOT = iphoneos;
				TARGETED_DEVICE_FAMILY = "1,2";
			};
			name = Debug;
		};
		EA4E8E981A5F7073007B479F /* Release */ = {
			isa = XCBuildConfiguration;
			buildSettings = {
				ALWAYS_SEARCH_USER_PATHS = NO;
				CLANG_CXX_LANGUAGE_STANDARD = "gnu++0x";
				CLANG_CXX_LIBRARY = "libc++";
				CLANG_ENABLE_MODULES = YES;
				CLANG_ENABLE_OBJC_ARC = YES;
				CLANG_WARN_BOOL_CONVERSION = YES;
				CLANG_WARN_CONSTANT_CONVERSION = YES;
				CLANG_WARN_DIRECT_OBJC_ISA_USAGE = YES_ERROR;
				CLANG_WARN_EMPTY_BODY = YES;
				CLANG_WARN_ENUM_CONVERSION = YES;
				CLANG_WARN_INT_CONVERSION = YES;
				CLANG_WARN_OBJC_ROOT_CLASS = YES_ERROR;
				CLANG_WARN_UNREACHABLE_CODE = YES;
				CLANG_WARN__DUPLICATE_METHOD_MATCH = YES;
				"CODE_SIGN_IDENTITY[sdk=iphoneos*]" = "iPhone Developer";
				COPY_PHASE_STRIP = NO;
				ENABLE_NS_ASSERTIONS = NO;
				ENABLE_STRICT_OBJC_MSGSEND = YES;
				GCC_C_LANGUAGE_STANDARD = gnu99;
				GCC_WARN_64_TO_32_BIT_CONVERSION = YES;
				GCC_WARN_ABOUT_RETURN_TYPE = YES_ERROR;
				GCC_WARN_UNDECLARED_SELECTOR = YES;
				GCC_WARN_UNINITIALIZED_AUTOS = YES_AGGRESSIVE;
				GCC_WARN_UNUSED_FUNCTION = YES;
				GCC_WARN_UNUSED_VARIABLE = YES;
				IPHONEOS_DEPLOYMENT_TARGET = 8.2;
				MTL_ENABLE_DEBUG_INFO = NO;
				SDKROOT = iphoneos;
				TARGETED_DEVICE_FAMILY = "1,2";
				VALIDATE_PRODUCT = YES;
			};
			name = Release;
		};
		EA4E8E9A1A5F7073007B479F /* Debug */ = {
			isa = XCBuildConfiguration;
			buildSettings = {
				ASSETCATALOG_COMPILER_APPICON_NAME = AppIcon;
				INFOPLIST_FILE = "Constraint-demo/Info.plist";
				LD_RUNPATH_SEARCH_PATHS = "$(inherited) @executable_path/Frameworks";
				PRODUCT_NAME = "$(TARGET_NAME)";
			};
			name = Debug;
		};
		EA4E8E9B1A5F7073007B479F /* Release */ = {
			isa = XCBuildConfiguration;
			buildSettings = {
				ASSETCATALOG_COMPILER_APPICON_NAME = AppIcon;
				INFOPLIST_FILE = "Constraint-demo/Info.plist";
				LD_RUNPATH_SEARCH_PATHS = "$(inherited) @executable_path/Frameworks";
				PRODUCT_NAME = "$(TARGET_NAME)";
			};
			name = Release;
		};
		EA4E8E9D1A5F7073007B479F /* Debug */ = {
			isa = XCBuildConfiguration;
			buildSettings = {
				BUNDLE_LOADER = "$(TEST_HOST)";
				FRAMEWORK_SEARCH_PATHS = (
					"$(SDKROOT)/Developer/Library/Frameworks",
					"$(inherited)",
				);
				GCC_PREPROCESSOR_DEFINITIONS = (
					"DEBUG=1",
					"$(inherited)",
				);
				INFOPLIST_FILE = "Constraint-demoTests/Info.plist";
				LD_RUNPATH_SEARCH_PATHS = "$(inherited) @executable_path/Frameworks @loader_path/Frameworks";
				PRODUCT_NAME = "$(TARGET_NAME)";
				TEST_HOST = "$(BUILT_PRODUCTS_DIR)/Constraint-demo.app/Constraint-demo";
			};
			name = Debug;
		};
		EA4E8E9E1A5F7073007B479F /* Release */ = {
			isa = XCBuildConfiguration;
			buildSettings = {
				BUNDLE_LOADER = "$(TEST_HOST)";
				FRAMEWORK_SEARCH_PATHS = (
					"$(SDKROOT)/Developer/Library/Frameworks",
					"$(inherited)",
				);
				INFOPLIST_FILE = "Constraint-demoTests/Info.plist";
				LD_RUNPATH_SEARCH_PATHS = "$(inherited) @executable_path/Frameworks @loader_path/Frameworks";
				PRODUCT_NAME = "$(TARGET_NAME)";
				TEST_HOST = "$(BUILT_PRODUCTS_DIR)/Constraint-demo.app/Constraint-demo";
			};
			name = Release;
		};
		EA4E8EAE1A5F7095007B479F /* Debug */ = {
			isa = XCBuildConfiguration;
			buildSettings = {
				GCC_PREPROCESSOR_DEFINITIONS = (
					"DEBUG=1",
					"$(inherited)",
				);
				INFOPLIST_FILE = "Constraint-Keyboard/Info.plist";
				LD_RUNPATH_SEARCH_PATHS = "$(inherited) @executable_path/Frameworks @executable_path/../../Frameworks";
				PRODUCT_NAME = "$(TARGET_NAME)";
				SKIP_INSTALL = YES;
			};
			name = Debug;
		};
		EA4E8EAF1A5F7095007B479F /* Release */ = {
			isa = XCBuildConfiguration;
			buildSettings = {
				INFOPLIST_FILE = "Constraint-Keyboard/Info.plist";
				LD_RUNPATH_SEARCH_PATHS = "$(inherited) @executable_path/Frameworks @executable_path/../../Frameworks";
				PRODUCT_NAME = "$(TARGET_NAME)";
				SKIP_INSTALL = YES;
			};
			name = Release;
		};
/* End XCBuildConfiguration section */

/* Begin XCConfigurationList section */
		EA4E8E711A5F7073007B479F /* Build configuration list for PBXProject "Constraint-demo" */ = {
			isa = XCConfigurationList;
			buildConfigurations = (
				EA4E8E971A5F7073007B479F /* Debug */,
				EA4E8E981A5F7073007B479F /* Release */,
			);
			defaultConfigurationIsVisible = 0;
			defaultConfigurationName = Release;
		};
		EA4E8E991A5F7073007B479F /* Build configuration list for PBXNativeTarget "Constraint-demo" */ = {
			isa = XCConfigurationList;
			buildConfigurations = (
				EA4E8E9A1A5F7073007B479F /* Debug */,
				EA4E8E9B1A5F7073007B479F /* Release */,
			);
			defaultConfigurationIsVisible = 0;
			defaultConfigurationName = Release;
		};
		EA4E8E9C1A5F7073007B479F /* Build configuration list for PBXNativeTarget "Constraint-demoTests" */ = {
			isa = XCConfigurationList;
			buildConfigurations = (
				EA4E8E9D1A5F7073007B479F /* Debug */,
				EA4E8E9E1A5F7073007B479F /* Release */,
			);
			defaultConfigurationIsVisible = 0;
			defaultConfigurationName = Release;
		};
		EA4E8EAD1A5F7095007B479F /* Build configuration list for PBXNativeTarget "Constraint-Keyboard" */ = {
			isa = XCConfigurationList;
			buildConfigurations = (
				EA4E8EAE1A5F7095007B479F /* Debug */,
				EA4E8EAF1A5F7095007B479F /* Release */,
			);
			defaultConfigurationIsVisible = 0;
			defaultConfigurationName = Release;
		};
/* End XCConfigurationList section */
	};
	rootObject = EA4E8E6E1A5F7073007B479F /* Project object */;
}
